
Microsoft Visual Studio Solution File, Format Version 12.00
# Visual Studio Version 17
VisualStudioVersion = 17.14.36203.30
MinimumVisualStudioVersion = 10.0.40219.1
Project("{8BC9CEB8-8B4A-11D0-8D11-00A0C91BC942}") = "AbstractFactory", "AbstractFactory\AbstractFactory.vcxproj", "{DA62ACEA-0236-4EC3-958B-A069D01AEB66}"
EndProject
Project("{8BC9CEB8-8B4A-11D0-8D11-00A0C91BC942}") = "PrototypeCar", "PrototypeCar\PrototypeCar.vcxproj", "{D0AEB1B1-C72A-4EB5-A894-039DECE96E6E}"
EndProject
Project("{8BC9CEB8-8B4A-11D0-8D11-00A0C91BC942}") = "BridgeReport", "BridgeReport\BridgeReport.vcxproj", "{CA9C73CF-097D-4C76-9692-564BCEAFB3B0}"
EndProject
Project("{8BC9CEB8-8B4A-11D0-8D11-00A0C91BC942}") = "FacadePC", "FacadePC\FacadePC.vcxproj", "{08FFA2DF-EB41-4BF9-8B4F-CBAA240ADDA8}"
EndProject
Project("{8BC9CEB8-8B4A-11D0-8D11-00A0C91BC942}") = "StrategyNavigator", "StrategyNavigator\StrategyNavigator.vcxproj", "{293C4D25-B3A7-4A4C-9633-00575EA0E9BE}"
EndProject
Global
	GlobalSection(SolutionConfigurationPlatforms) = preSolution
		Debug|x64 = Debug|x64
		Debug|x86 = Debug|x86
		Release|x64 = Release|x64
		Release|x86 = Release|x86
	EndGlobalSection
	GlobalSection(ProjectConfigurationPlatforms) = postSolution
		{DA62ACEA-0236-4EC3-958B-A069D01AEB66}.Debug|x64.ActiveCfg = Debug|x64
		{DA62ACEA-0236-4EC3-958B-A069D01AEB66}.Debug|x64.Build.0 = Debug|x64
		{DA62ACEA-0236-4EC3-958B-A069D01AEB66}.Debug|x86.ActiveCfg = Debug|Win32
		{DA62ACEA-0236-4EC3-958B-A069D01AEB66}.Debug|x86.Build.0 = Debug|Win32
		{DA62ACEA-0236-4EC3-958B-A069D01AEB66}.Release|x64.ActiveCfg = Release|x64
		{DA62ACEA-0236-4EC3-958B-A069D01AEB66}.Release|x64.Build.0 = Release|x64
		{DA62ACEA-0236-4EC3-958B-A069D01AEB66}.Release|x86.ActiveCfg = Release|Win32
		{DA62ACEA-0236-4EC3-958B-A069D01AEB66}.Release|x86.Build.0 = Release|Win32
		{D0AEB1B1-C72A-4EB5-A894-039DECE96E6E}.Debug|x64.ActiveCfg = Debug|x64
		{D0AEB1B1-C72A-4EB5-A894-039DECE96E6E}.Debug|x64.Build.0 = Debug|x64
		{D0AEB1B1-C72A-4EB5-A894-039DECE96E6E}.Debug|x86.ActiveCfg = Debug|Win32
		{D0AEB1B1-C72A-4EB5-A894-039DECE96E6E}.Debug|x86.Build.0 = Debug|Win32
		{D0AEB1B1-C72A-4EB5-A894-039DECE96E6E}.Release|x64.ActiveCfg = Release|x64
		{D0AEB1B1-C72A-4EB5-A894-039DECE96E6E}.Release|x64.Build.0 = Release|x64
		{D0AEB1B1-C72A-4EB5-A894-039DECE96E6E}.Release|x86.ActiveCfg = Release|Win32
		{D0AEB1B1-C72A-4EB5-A894-039DECE96E6E}.Release|x86.Build.0 = Release|Win32
		{CA9C73CF-097D-4C76-9692-564BCEAFB3B0}.Debug|x64.ActiveCfg = Debug|x64
		{CA9C73CF-097D-4C76-9692-564BCEAFB3B0}.Debug|x64.Build.0 = Debug|x64
		{CA9C73CF-097D-4C76-9692-564BCEAFB3B0}.Debug|x86.ActiveCfg = Debug|Win32
		{CA9C73CF-097D-4C76-9692-564BCEAFB3B0}.Debug|x86.Build.0 = Debug|Win32
		{CA9C73CF-097D-4C76-9692-564BCEAFB3B0}.Release|x64.ActiveCfg = Release|x64
		{CA9C73CF-097D-4C76-9692-564BCEAFB3B0}.Release|x64.Build.0 = Release|x64
		{CA9C73CF-097D-4C76-9692-564BCEAFB3B0}.Release|x86.ActiveCfg = Release|Win32
		{CA9C73CF-097D-4C76-9692-564BCEAFB3B0}.Release|x86.Build.0 = Release|Win32
		{08FFA2DF-EB41-4BF9-8B4F-CBAA240ADDA8}.Debug|x64.ActiveCfg = Debug|x64
		{08FFA2DF-EB41-4BF9-8B4F-CBAA240ADDA8}.Debug|x64.Build.0 = Debug|x64
		{08FFA2DF-EB41-4BF9-8B4F-CBAA240ADDA8}.Debug|x86.ActiveCfg = Debug|Win32
		{08FFA2DF-EB41-4BF9-8B4F-CBAA240ADDA8}.Debug|x86.Build.0 = Debug|Win32
		{08FFA2DF-EB41-4BF9-8B4F-CBAA240ADDA8}.Release|x64.ActiveCfg = Release|x64
		{08FFA2DF-EB41-4BF9-8B4F-CBAA240ADDA8}.Release|x64.Build.0 = Release|x64
		{08FFA2DF-EB41-4BF9-8B4F-CBAA240ADDA8}.Release|x86.ActiveCfg = Release|Win32
		{08FFA2DF-EB41-4BF9-8B4F-CBAA240ADDA8}.Release|x86.Build.0 = Release|Win32
		{293C4D25-B3A7-4A4C-9633-00575EA0E9BE}.Debug|x64.ActiveCfg = Debug|x64
		{293C4D25-B3A7-4A4C-9633-00575EA0E9BE}.Debug|x64.Build.0 = Debug|x64
		{293C4D25-B3A7-4A4C-9633-00575EA0E9BE}.Debug|x86.ActiveCfg = Debug|Win32
		{293C4D25-B3A7-4A4C-9633-00575EA0E9BE}.Debug|x86.Build.0 = Debug|Win32
		{293C4D25-B3A7-4A4C-9633-00575EA0E9BE}.Release|x64.ActiveCfg = Release|x64
		{293C4D25-B3A7-4A4C-9633-00575EA0E9BE}.Release|x64.Build.0 = Release|x64
		{293C4D25-B3A7-4A4C-9633-00575EA0E9BE}.Release|x86.ActiveCfg = Release|Win32
		{293C4D25-B3A7-4A4C-9633-00575EA0E9BE}.Release|x86.Build.0 = Release|Win32
	EndGlobalSection
	GlobalSection(SolutionProperties) = preSolution
		HideSolutionNode = FALSE
	EndGlobalSection
	GlobalSection(ExtensibilityGlobals) = postSolution
		SolutionGuid = {A885F5D7-6293-4FB6-8097-1DA4CA70BCF7}
	EndGlobalSection
EndGlobal
